
Microsoft Visual Studio Solution File, Format Version 12.00
Project("{FAE04EC0-301F-11D3-BF4B-00C04F79EFBC}") = "OOP_TP1", "OOP_TP1.csproj", "{ACB85FF0-C9D6-4599-A0E1-4D1D6A5AD3C7}"
EndProject
Global
	GlobalSection(SolutionConfigurationPlatforms) = preSolution
		Debug|Any CPU = Debug|Any CPU
		Release|Any CPU = Release|Any CPU
	EndGlobalSection
	GlobalSection(ProjectConfigurationPlatforms) = postSolution
		{ACB85FF0-C9D6-4599-A0E1-4D1D6A5AD3C7}.Debug|Any CPU.ActiveCfg = Debug|Any CPU
		{ACB85FF0-C9D6-4599-A0E1-4D1D6A5AD3C7}.Debug|Any CPU.Build.0 = Debug|Any CPU
		{ACB85FF0-C9D6-4599-A0E1-4D1D6A5AD3C7}.Release|Any CPU.ActiveCfg = Release|Any CPU
		{ACB85FF0-C9D6-4599-A0E1-4D1D6A5AD3C7}.Release|Any CPU.Build.0 = Release|Any CPU
	EndGlobalSection
EndGlobal
